
Microsoft Visual Studio Solution File, Format Version 12.00
# Visual Studio Version 16
VisualStudioVersion = 16.0.30523.141
MinimumVisualStudioVersion = 10.0.40219.1
Project("{FAE04EC0-301F-11D3-BF4B-00C04F79EFBC}") = "FinalProject", "FinalProject\FinalProject.csproj", "{5F7356FF-D1D6-4A9B-A8B5-245A245B998E}"
EndProject
Project("{FAE04EC0-301F-11D3-BF4B-00C04F79EFBC}") = "DataProvider", "DataProvider\DataProvider.csproj", "{FE22CCC1-4BE8-498C-86C3-B94CFE4A7490}"
EndProject
Project("{FAE04EC0-301F-11D3-BF4B-00C04F79EFBC}") = "DataIO", "DataIO\DataIO.csproj", "{F8444397-824C-4AD4-9D4A-DE28F7EBA053}"
EndProject
Global
	GlobalSection(SolutionConfigurationPlatforms) = preSolution
		Debug|Any CPU = Debug|Any CPU
		Release|Any CPU = Release|Any CPU
	EndGlobalSection
	GlobalSection(ProjectConfigurationPlatforms) = postSolution
		{5F7356FF-D1D6-4A9B-A8B5-245A245B998E}.Debug|Any CPU.ActiveCfg = Debug|Any CPU
		{5F7356FF-D1D6-4A9B-A8B5-245A245B998E}.Debug|Any CPU.Build.0 = Debug|Any CPU
		{5F7356FF-D1D6-4A9B-A8B5-245A245B998E}.Release|Any CPU.ActiveCfg = Release|Any CPU
		{5F7356FF-D1D6-4A9B-A8B5-245A245B998E}.Release|Any CPU.Build.0 = Release|Any CPU
		{FE22CCC1-4BE8-498C-86C3-B94CFE4A7490}.Debug|Any CPU.ActiveCfg = Debug|Any CPU
		{FE22CCC1-4BE8-498C-86C3-B94CFE4A7490}.Debug|Any CPU.Build.0 = Debug|Any CPU
		{FE22CCC1-4BE8-498C-86C3-B94CFE4A7490}.Release|Any CPU.ActiveCfg = Release|Any CPU
		{FE22CCC1-4BE8-498C-86C3-B94CFE4A7490}.Release|Any CPU.Build.0 = Release|Any CPU
		{F8444397-824C-4AD4-9D4A-DE28F7EBA053}.Debug|Any CPU.ActiveCfg = Debug|Any CPU
		{F8444397-824C-4AD4-9D4A-DE28F7EBA053}.Debug|Any CPU.Build.0 = Debug|Any CPU
		{F8444397-824C-4AD4-9D4A-DE28F7EBA053}.Release|Any CPU.ActiveCfg = Release|Any CPU
		{F8444397-824C-4AD4-9D4A-DE28F7EBA053}.Release|Any CPU.Build.0 = Release|Any CPU
	EndGlobalSection
	GlobalSection(SolutionProperties) = preSolution
		HideSolutionNode = FALSE
	EndGlobalSection
	GlobalSection(ExtensibilityGlobals) = postSolution
		SolutionGuid = {E66BAF1E-764C-4FDF-828F-620281CB0323}
	EndGlobalSection
EndGlobal
